{
  "object": {
    "pins": [
      {
        "package": "CodeWriter",
        "repositoryURL": "https://github.com/Digipolitan/code-writer.git",
        "state": {
          "branch": null,
          "revision": "54107bc0b32ea410385e9860143d58e1d27dde39",
          "version": "1.1.0"
        }
      }
    ]
  },
  "version": 1
}
