// !$*UTF8*$!
{
	archiveVersion = 1;
	classes = {
	};
	objectVersion = 46;
	objects = {

/* Begin PBXAggregateTarget section */
		"SwiftCodeWriter::SwiftCodeWriterPackageTests::ProductTarget" /* SwiftCodeWriterPackageTests */ = {
			isa = PBXAggregateTarget;
			buildConfigurationList = OBJ_103 /* Build configuration list for PBXAggregateTarget "SwiftCodeWriterPackageTests" */;
			buildPhases = (
			);
			dependencies = (
				OBJ_106 /* PBXTargetDependency */,
			);
			name = SwiftCodeWriterPackageTests;
			productName = SwiftCodeWriterPackageTests;
		};
/* End PBXAggregateTarget section */

/* Begin PBXBuildFile section */
		OBJ_101 /* Package.swift in Sources */ = {isa = PBXBuildFile; fileRef = OBJ_6 /* Package.swift */; };
		OBJ_112 /* ClassPropertyWriterTests.swift in Sources */ = {isa = PBXBuildFile; fileRef = OBJ_33 /* ClassPropertyWriterTests.swift */; };
		OBJ_113 /* ClassWriterTests.swift in Sources */ = {isa = PBXBuildFile; fileRef = OBJ_34 /* ClassWriterTests.swift */; };
		OBJ_114 /* EnumWriterTests.swift in Sources */ = {isa = PBXBuildFile; fileRef = OBJ_35 /* EnumWriterTests.swift */; };
		OBJ_115 /* ExtensionWriterTests.swift in Sources */ = {isa = PBXBuildFile; fileRef = OBJ_36 /* ExtensionWriterTests.swift */; };
		OBJ_116 /* FileWriterTests.swift in Sources */ = {isa = PBXBuildFile; fileRef = OBJ_37 /* FileWriterTests.swift */; };
		OBJ_117 /* InitializerWriterTests.swift in Sources */ = {isa = PBXBuildFile; fileRef = OBJ_38 /* InitializerWriterTests.swift */; };
		OBJ_118 /* MethodWriterTests.swift in Sources */ = {isa = PBXBuildFile; fileRef = OBJ_39 /* MethodWriterTests.swift */; };
		OBJ_119 /* ProtocolPropertyWriterTests.swift in Sources */ = {isa = PBXBuildFile; fileRef = OBJ_40 /* ProtocolPropertyWriterTests.swift */; };
		OBJ_120 /* ProtocolWriterTests.swift in Sources */ = {isa = PBXBuildFile; fileRef = OBJ_41 /* ProtocolWriterTests.swift */; };
		OBJ_121 /* XCTestManifests.swift in Sources */ = {isa = PBXBuildFile; fileRef = OBJ_42 /* XCTestManifests.swift */; };
		OBJ_123 /* SwiftCodeWriter.framework in Frameworks */ = {isa = PBXBuildFile; fileRef = "SwiftCodeWriter::SwiftCodeWriter::Product" /* SwiftCodeWriter.framework */; };
		OBJ_124 /* CodeWriter.framework in Frameworks */ = {isa = PBXBuildFile; fileRef = "CodeWriter::CodeWriter::Product" /* CodeWriter.framework */; };
		OBJ_59 /* CodeBuilder.swift in Sources */ = {isa = PBXBuildFile; fileRef = OBJ_47 /* CodeBuilder.swift */; };
		OBJ_60 /* CodeWriter.swift in Sources */ = {isa = PBXBuildFile; fileRef = OBJ_48 /* CodeWriter.swift */; };
		OBJ_67 /* Package.swift in Sources */ = {isa = PBXBuildFile; fileRef = OBJ_49 /* Package.swift */; };
		OBJ_73 /* ClassDescription.swift in Sources */ = {isa = PBXBuildFile; fileRef = OBJ_10 /* ClassDescription.swift */; };
		OBJ_74 /* EnumDescription.swift in Sources */ = {isa = PBXBuildFile; fileRef = OBJ_11 /* EnumDescription.swift */; };
		OBJ_75 /* ExtensionDescription.swift in Sources */ = {isa = PBXBuildFile; fileRef = OBJ_12 /* ExtensionDescription.swift */; };
		OBJ_76 /* FileDescription.swift in Sources */ = {isa = PBXBuildFile; fileRef = OBJ_13 /* FileDescription.swift */; };
		OBJ_77 /* InitializerDescription.swift in Sources */ = {isa = PBXBuildFile; fileRef = OBJ_14 /* InitializerDescription.swift */; };
		OBJ_78 /* MethodDescription.swift in Sources */ = {isa = PBXBuildFile; fileRef = OBJ_15 /* MethodDescription.swift */; };
		OBJ_79 /* ModuleDependency.swift in Sources */ = {isa = PBXBuildFile; fileRef = OBJ_16 /* ModuleDependency.swift */; };
		OBJ_80 /* PropertyDescription.swift in Sources */ = {isa = PBXBuildFile; fileRef = OBJ_17 /* PropertyDescription.swift */; };
		OBJ_81 /* ProtocolDescription.swift in Sources */ = {isa = PBXBuildFile; fileRef = OBJ_18 /* ProtocolDescription.swift */; };
		OBJ_82 /* Visibility.swift in Sources */ = {isa = PBXBuildFile; fileRef = OBJ_19 /* Visibility.swift */; };
		OBJ_83 /* ClassPropertyWriter.swift in Sources */ = {isa = PBXBuildFile; fileRef = OBJ_21 /* ClassPropertyWriter.swift */; };
		OBJ_84 /* ClassWriter.swift in Sources */ = {isa = PBXBuildFile; fileRef = OBJ_22 /* ClassWriter.swift */; };
		OBJ_85 /* DocumentationWriter.swift in Sources */ = {isa = PBXBuildFile; fileRef = OBJ_23 /* DocumentationWriter.swift */; };
		OBJ_86 /* EnumWriter.swift in Sources */ = {isa = PBXBuildFile; fileRef = OBJ_24 /* EnumWriter.swift */; };
		OBJ_87 /* ExtensionWriter.swift in Sources */ = {isa = PBXBuildFile; fileRef = OBJ_25 /* ExtensionWriter.swift */; };
		OBJ_88 /* FileWriter.swift in Sources */ = {isa = PBXBuildFile; fileRef = OBJ_26 /* FileWriter.swift */; };
		OBJ_89 /* InitializerWriter.swift in Sources */ = {isa = PBXBuildFile; fileRef = OBJ_27 /* InitializerWriter.swift */; };
		OBJ_90 /* MethodWriter.swift in Sources */ = {isa = PBXBuildFile; fileRef = OBJ_28 /* MethodWriter.swift */; };
		OBJ_91 /* ProtocolPropertyWriter.swift in Sources */ = {isa = PBXBuildFile; fileRef = OBJ_29 /* ProtocolPropertyWriter.swift */; };
		OBJ_92 /* ProtocolWriter.swift in Sources */ = {isa = PBXBuildFile; fileRef = OBJ_30 /* ProtocolWriter.swift */; };
		OBJ_94 /* CodeWriter.framework in Frameworks */ = {isa = PBXBuildFile; fileRef = "CodeWriter::CodeWriter::Product" /* CodeWriter.framework */; };
/* End PBXBuildFile section */

/* Begin PBXContainerItemProxy section */
		A336F78B21E2A09B009D2313 /* PBXContainerItemProxy */ = {
			isa = PBXContainerItemProxy;
			containerPortal = OBJ_1 /* Project object */;
			proxyType = 1;
			remoteGlobalIDString = "CodeWriter::CodeWriter";
			remoteInfo = CodeWriter;
		};
		A336F78C21E2A09B009D2313 /* PBXContainerItemProxy */ = {
			isa = PBXContainerItemProxy;
			containerPortal = OBJ_1 /* Project object */;
			proxyType = 1;
			remoteGlobalIDString = "SwiftCodeWriter::SwiftCodeWriter";
			remoteInfo = SwiftCodeWriter;
		};
		A336F78D21E2A09B009D2313 /* PBXContainerItemProxy */ = {
			isa = PBXContainerItemProxy;
			containerPortal = OBJ_1 /* Project object */;
			proxyType = 1;
			remoteGlobalIDString = "CodeWriter::CodeWriter";
			remoteInfo = CodeWriter;
		};
		A336F78E21E2A09C009D2313 /* PBXContainerItemProxy */ = {
			isa = PBXContainerItemProxy;
			containerPortal = OBJ_1 /* Project object */;
			proxyType = 1;
			remoteGlobalIDString = "SwiftCodeWriter::SwiftCodeWriterTests";
			remoteInfo = SwiftCodeWriterTests;
		};
/* End PBXContainerItemProxy section */

/* Begin PBXFileReference section */
		"CodeWriter::CodeWriter::Product" /* CodeWriter.framework */ = {isa = PBXFileReference; lastKnownFileType = wrapper.framework; path = CodeWriter.framework; sourceTree = BUILT_PRODUCTS_DIR; };
		OBJ_10 /* ClassDescription.swift */ = {isa = PBXFileReference; lastKnownFileType = sourcecode.swift; path = ClassDescription.swift; sourceTree = "<group>"; };
		OBJ_11 /* EnumDescription.swift */ = {isa = PBXFileReference; lastKnownFileType = sourcecode.swift; path = EnumDescription.swift; sourceTree = "<group>"; };
		OBJ_12 /* ExtensionDescription.swift */ = {isa = PBXFileReference; lastKnownFileType = sourcecode.swift; path = ExtensionDescription.swift; sourceTree = "<group>"; };
		OBJ_13 /* FileDescription.swift */ = {isa = PBXFileReference; lastKnownFileType = sourcecode.swift; path = FileDescription.swift; sourceTree = "<group>"; };
		OBJ_14 /* InitializerDescription.swift */ = {isa = PBXFileReference; lastKnownFileType = sourcecode.swift; path = InitializerDescription.swift; sourceTree = "<group>"; };
		OBJ_15 /* MethodDescription.swift */ = {isa = PBXFileReference; lastKnownFileType = sourcecode.swift; path = MethodDescription.swift; sourceTree = "<group>"; };
		OBJ_16 /* ModuleDependency.swift */ = {isa = PBXFileReference; lastKnownFileType = sourcecode.swift; path = ModuleDependency.swift; sourceTree = "<group>"; };
		OBJ_17 /* PropertyDescription.swift */ = {isa = PBXFileReference; lastKnownFileType = sourcecode.swift; path = PropertyDescription.swift; sourceTree = "<group>"; };
		OBJ_18 /* ProtocolDescription.swift */ = {isa = PBXFileReference; lastKnownFileType = sourcecode.swift; path = ProtocolDescription.swift; sourceTree = "<group>"; };
		OBJ_19 /* Visibility.swift */ = {isa = PBXFileReference; lastKnownFileType = sourcecode.swift; path = Visibility.swift; sourceTree = "<group>"; };
		OBJ_21 /* ClassPropertyWriter.swift */ = {isa = PBXFileReference; lastKnownFileType = sourcecode.swift; path = ClassPropertyWriter.swift; sourceTree = "<group>"; };
		OBJ_22 /* ClassWriter.swift */ = {isa = PBXFileReference; lastKnownFileType = sourcecode.swift; path = ClassWriter.swift; sourceTree = "<group>"; };
		OBJ_23 /* DocumentationWriter.swift */ = {isa = PBXFileReference; lastKnownFileType = sourcecode.swift; path = DocumentationWriter.swift; sourceTree = "<group>"; };
		OBJ_24 /* EnumWriter.swift */ = {isa = PBXFileReference; lastKnownFileType = sourcecode.swift; path = EnumWriter.swift; sourceTree = "<group>"; };
		OBJ_25 /* ExtensionWriter.swift */ = {isa = PBXFileReference; lastKnownFileType = sourcecode.swift; path = ExtensionWriter.swift; sourceTree = "<group>"; };
		OBJ_26 /* FileWriter.swift */ = {isa = PBXFileReference; lastKnownFileType = sourcecode.swift; path = FileWriter.swift; sourceTree = "<group>"; };
		OBJ_27 /* InitializerWriter.swift */ = {isa = PBXFileReference; lastKnownFileType = sourcecode.swift; path = InitializerWriter.swift; sourceTree = "<group>"; };
		OBJ_28 /* MethodWriter.swift */ = {isa = PBXFileReference; lastKnownFileType = sourcecode.swift; path = MethodWriter.swift; sourceTree = "<group>"; };
		OBJ_29 /* ProtocolPropertyWriter.swift */ = {isa = PBXFileReference; lastKnownFileType = sourcecode.swift; path = ProtocolPropertyWriter.swift; sourceTree = "<group>"; };
		OBJ_30 /* ProtocolWriter.swift */ = {isa = PBXFileReference; lastKnownFileType = sourcecode.swift; path = ProtocolWriter.swift; sourceTree = "<group>"; };
		OBJ_33 /* ClassPropertyWriterTests.swift */ = {isa = PBXFileReference; lastKnownFileType = sourcecode.swift; path = ClassPropertyWriterTests.swift; sourceTree = "<group>"; };
		OBJ_34 /* ClassWriterTests.swift */ = {isa = PBXFileReference; lastKnownFileType = sourcecode.swift; path = ClassWriterTests.swift; sourceTree = "<group>"; };
		OBJ_35 /* EnumWriterTests.swift */ = {isa = PBXFileReference; lastKnownFileType = sourcecode.swift; path = EnumWriterTests.swift; sourceTree = "<group>"; };
		OBJ_36 /* ExtensionWriterTests.swift */ = {isa = PBXFileReference; lastKnownFileType = sourcecode.swift; path = ExtensionWriterTests.swift; sourceTree = "<group>"; };
		OBJ_37 /* FileWriterTests.swift */ = {isa = PBXFileReference; lastKnownFileType = sourcecode.swift; path = FileWriterTests.swift; sourceTree = "<group>"; };
		OBJ_38 /* InitializerWriterTests.swift */ = {isa = PBXFileReference; lastKnownFileType = sourcecode.swift; path = InitializerWriterTests.swift; sourceTree = "<group>"; };
		OBJ_39 /* MethodWriterTests.swift */ = {isa = PBXFileReference; lastKnownFileType = sourcecode.swift; path = MethodWriterTests.swift; sourceTree = "<group>"; };
		OBJ_40 /* ProtocolPropertyWriterTests.swift */ = {isa = PBXFileReference; lastKnownFileType = sourcecode.swift; path = ProtocolPropertyWriterTests.swift; sourceTree = "<group>"; };
		OBJ_41 /* ProtocolWriterTests.swift */ = {isa = PBXFileReference; lastKnownFileType = sourcecode.swift; path = ProtocolWriterTests.swift; sourceTree = "<group>"; };
		OBJ_42 /* XCTestManifests.swift */ = {isa = PBXFileReference; lastKnownFileType = sourcecode.swift; path = XCTestManifests.swift; sourceTree = "<group>"; };
		OBJ_43 /* DerivedData */ = {isa = PBXFileReference; lastKnownFileType = folder; path = DerivedData; sourceTree = SOURCE_ROOT; };
		OBJ_47 /* CodeBuilder.swift */ = {isa = PBXFileReference; lastKnownFileType = sourcecode.swift; path = CodeBuilder.swift; sourceTree = "<group>"; };
		OBJ_48 /* CodeWriter.swift */ = {isa = PBXFileReference; lastKnownFileType = sourcecode.swift; path = CodeWriter.swift; sourceTree = "<group>"; };
		OBJ_49 /* Package.swift */ = {isa = PBXFileReference; explicitFileType = sourcecode.swift; name = Package.swift; path = "/Users/bbriatte/Development/MacOS/Libraries/SwiftCodeWriter/.build/checkouts/code-writer.git-2528831190560982212/Package.swift"; sourceTree = "<group>"; };
		OBJ_6 /* Package.swift */ = {isa = PBXFileReference; explicitFileType = sourcecode.swift; path = Package.swift; sourceTree = "<group>"; };
		"SwiftCodeWriter::SwiftCodeWriter::Product" /* SwiftCodeWriter.framework */ = {isa = PBXFileReference; lastKnownFileType = wrapper.framework; path = SwiftCodeWriter.framework; sourceTree = BUILT_PRODUCTS_DIR; };
		"SwiftCodeWriter::SwiftCodeWriterTests::Product" /* SwiftCodeWriterTests.xctest */ = {isa = PBXFileReference; lastKnownFileType = file; path = SwiftCodeWriterTests.xctest; sourceTree = BUILT_PRODUCTS_DIR; };
/* End PBXFileReference section */

/* Begin PBXFrameworksBuildPhase section */
		OBJ_122 /* Frameworks */ = {
			isa = PBXFrameworksBuildPhase;
			buildActionMask = 0;
			files = (
				OBJ_123 /* SwiftCodeWriter.framework in Frameworks */,
				OBJ_124 /* CodeWriter.framework in Frameworks */,
			);
			runOnlyForDeploymentPostprocessing = 0;
		};
		OBJ_61 /* Frameworks */ = {
			isa = PBXFrameworksBuildPhase;
			buildActionMask = 0;
			files = (
			);
			runOnlyForDeploymentPostprocessing = 0;
		};
		OBJ_93 /* Frameworks */ = {
			isa = PBXFrameworksBuildPhase;
			buildActionMask = 0;
			files = (
				OBJ_94 /* CodeWriter.framework in Frameworks */,
			);
			runOnlyForDeploymentPostprocessing = 0;
		};
/* End PBXFrameworksBuildPhase section */

/* Begin PBXGroup section */
		OBJ_20 /* Writers */ = {
			isa = PBXGroup;
			children = (
				OBJ_21 /* ClassPropertyWriter.swift */,
				OBJ_22 /* ClassWriter.swift */,
				OBJ_23 /* DocumentationWriter.swift */,
				OBJ_24 /* EnumWriter.swift */,
				OBJ_25 /* ExtensionWriter.swift */,
				OBJ_26 /* FileWriter.swift */,
				OBJ_27 /* InitializerWriter.swift */,
				OBJ_28 /* MethodWriter.swift */,
				OBJ_29 /* ProtocolPropertyWriter.swift */,
				OBJ_30 /* ProtocolWriter.swift */,
			);
			path = Writers;
			sourceTree = "<group>";
		};
		OBJ_31 /* Tests */ = {
			isa = PBXGroup;
			children = (
				OBJ_32 /* SwiftCodeWriterTests */,
			);
			name = Tests;
			sourceTree = SOURCE_ROOT;
		};
		OBJ_32 /* SwiftCodeWriterTests */ = {
			isa = PBXGroup;
			children = (
				OBJ_33 /* ClassPropertyWriterTests.swift */,
				OBJ_34 /* ClassWriterTests.swift */,
				OBJ_35 /* EnumWriterTests.swift */,
				OBJ_36 /* ExtensionWriterTests.swift */,
				OBJ_37 /* FileWriterTests.swift */,
				OBJ_38 /* InitializerWriterTests.swift */,
				OBJ_39 /* MethodWriterTests.swift */,
				OBJ_40 /* ProtocolPropertyWriterTests.swift */,
				OBJ_41 /* ProtocolWriterTests.swift */,
				OBJ_42 /* XCTestManifests.swift */,
			);
			name = SwiftCodeWriterTests;
			path = Tests/SwiftCodeWriterTests;
			sourceTree = SOURCE_ROOT;
		};
		OBJ_44 /* Dependencies */ = {
			isa = PBXGroup;
			children = (
				OBJ_45 /* CodeWriter 1.1.0 */,
			);
			name = Dependencies;
			sourceTree = "<group>";
		};
		OBJ_45 /* CodeWriter 1.1.0 */ = {
			isa = PBXGroup;
			children = (
				OBJ_46 /* CodeWriter */,
				OBJ_49 /* Package.swift */,
			);
			name = "CodeWriter 1.1.0";
			sourceTree = SOURCE_ROOT;
		};
		OBJ_46 /* CodeWriter */ = {
			isa = PBXGroup;
			children = (
				OBJ_47 /* CodeBuilder.swift */,
				OBJ_48 /* CodeWriter.swift */,
			);
			name = CodeWriter;
			path = ".build/checkouts/code-writer.git-2528831190560982212/Sources/CodeWriter";
			sourceTree = SOURCE_ROOT;
		};
		OBJ_5 /*  */ = {
			isa = PBXGroup;
			children = (
				OBJ_6 /* Package.swift */,
				OBJ_7 /* Sources */,
				OBJ_31 /* Tests */,
				OBJ_43 /* DerivedData */,
				OBJ_44 /* Dependencies */,
				OBJ_50 /* Products */,
			);
			name = "";
			sourceTree = "<group>";
		};
		OBJ_50 /* Products */ = {
			isa = PBXGroup;
			children = (
				"CodeWriter::CodeWriter::Product" /* CodeWriter.framework */,
				"SwiftCodeWriter::SwiftCodeWriter::Product" /* SwiftCodeWriter.framework */,
				"SwiftCodeWriter::SwiftCodeWriterTests::Product" /* SwiftCodeWriterTests.xctest */,
			);
			name = Products;
			sourceTree = BUILT_PRODUCTS_DIR;
		};
		OBJ_7 /* Sources */ = {
			isa = PBXGroup;
			children = (
				OBJ_8 /* SwiftCodeWriter */,
			);
			name = Sources;
			sourceTree = SOURCE_ROOT;
		};
		OBJ_8 /* SwiftCodeWriter */ = {
			isa = PBXGroup;
			children = (
				OBJ_9 /* Descriptions */,
				OBJ_20 /* Writers */,
			);
			name = SwiftCodeWriter;
			path = Sources/SwiftCodeWriter;
			sourceTree = SOURCE_ROOT;
		};
		OBJ_9 /* Descriptions */ = {
			isa = PBXGroup;
			children = (
				OBJ_10 /* ClassDescription.swift */,
				OBJ_11 /* EnumDescription.swift */,
				OBJ_12 /* ExtensionDescription.swift */,
				OBJ_13 /* FileDescription.swift */,
				OBJ_14 /* InitializerDescription.swift */,
				OBJ_15 /* MethodDescription.swift */,
				OBJ_16 /* ModuleDependency.swift */,
				OBJ_17 /* PropertyDescription.swift */,
				OBJ_18 /* ProtocolDescription.swift */,
				OBJ_19 /* Visibility.swift */,
			);
			path = Descriptions;
			sourceTree = "<group>";
		};
/* End PBXGroup section */

/* Begin PBXNativeTarget section */
		"CodeWriter::CodeWriter" /* CodeWriter */ = {
			isa = PBXNativeTarget;
			buildConfigurationList = OBJ_55 /* Build configuration list for PBXNativeTarget "CodeWriter" */;
			buildPhases = (
				OBJ_58 /* Sources */,
				OBJ_61 /* Frameworks */,
			);
			buildRules = (
			);
			dependencies = (
			);
			name = CodeWriter;
			productName = CodeWriter;
			productReference = "CodeWriter::CodeWriter::Product" /* CodeWriter.framework */;
			productType = "com.apple.product-type.framework";
		};
		"CodeWriter::SwiftPMPackageDescription" /* CodeWriterPackageDescription */ = {
			isa = PBXNativeTarget;
			buildConfigurationList = OBJ_63 /* Build configuration list for PBXNativeTarget "CodeWriterPackageDescription" */;
			buildPhases = (
				OBJ_66 /* Sources */,
			);
			buildRules = (
			);
			dependencies = (
			);
			name = CodeWriterPackageDescription;
			productName = CodeWriterPackageDescription;
			productType = "com.apple.product-type.framework";
		};
		"SwiftCodeWriter::SwiftCodeWriter" /* SwiftCodeWriter */ = {
			isa = PBXNativeTarget;
			buildConfigurationList = OBJ_69 /* Build configuration list for PBXNativeTarget "SwiftCodeWriter" */;
			buildPhases = (
				OBJ_72 /* Sources */,
				OBJ_93 /* Frameworks */,
				A336F78F21E2A0B5009D2313 /* Swiftlint */,
			);
			buildRules = (
			);
			dependencies = (
				OBJ_95 /* PBXTargetDependency */,
			);
			name = SwiftCodeWriter;
			productName = SwiftCodeWriter;
			productReference = "SwiftCodeWriter::SwiftCodeWriter::Product" /* SwiftCodeWriter.framework */;
			productType = "com.apple.product-type.framework";
		};
		"SwiftCodeWriter::SwiftCodeWriterTests" /* SwiftCodeWriterTests */ = {
			isa = PBXNativeTarget;
			buildConfigurationList = OBJ_108 /* Build configuration list for PBXNativeTarget "SwiftCodeWriterTests" */;
			buildPhases = (
				OBJ_111 /* Sources */,
				OBJ_122 /* Frameworks */,
			);
			buildRules = (
			);
			dependencies = (
				OBJ_125 /* PBXTargetDependency */,
				OBJ_126 /* PBXTargetDependency */,
			);
			name = SwiftCodeWriterTests;
			productName = SwiftCodeWriterTests;
			productReference = "SwiftCodeWriter::SwiftCodeWriterTests::Product" /* SwiftCodeWriterTests.xctest */;
			productType = "com.apple.product-type.bundle.unit-test";
		};
		"SwiftCodeWriter::SwiftPMPackageDescription" /* SwiftCodeWriterPackageDescription */ = {
			isa = PBXNativeTarget;
			buildConfigurationList = OBJ_97 /* Build configuration list for PBXNativeTarget "SwiftCodeWriterPackageDescription" */;
			buildPhases = (
				OBJ_100 /* Sources */,
			);
			buildRules = (
			);
			dependencies = (
			);
			name = SwiftCodeWriterPackageDescription;
			productName = SwiftCodeWriterPackageDescription;
			productType = "com.apple.product-type.framework";
		};
/* End PBXNativeTarget section */

/* Begin PBXProject section */
		OBJ_1 /* Project object */ = {
			isa = PBXProject;
			attributes = {
				LastUpgradeCheck = 9999;
			};
			buildConfigurationList = OBJ_2 /* Build configuration list for PBXProject "SwiftCodeWriter" */;
			compatibilityVersion = "Xcode 3.2";
			developmentRegion = English;
			hasScannedForEncodings = 0;
			knownRegions = (
				en,
			);
			mainGroup = OBJ_5 /*  */;
			productRefGroup = OBJ_50 /* Products */;
			projectDirPath = "";
			projectRoot = "";
			targets = (
				"CodeWriter::CodeWriter" /* CodeWriter */,
				"CodeWriter::SwiftPMPackageDescription" /* CodeWriterPackageDescription */,
				"SwiftCodeWriter::SwiftCodeWriter" /* SwiftCodeWriter */,
				"SwiftCodeWriter::SwiftPMPackageDescription" /* SwiftCodeWriterPackageDescription */,
				"SwiftCodeWriter::SwiftCodeWriterPackageTests::ProductTarget" /* SwiftCodeWriterPackageTests */,
				"SwiftCodeWriter::SwiftCodeWriterTests" /* SwiftCodeWriterTests */,
			);
		};
/* End PBXProject section */

/* Begin PBXShellScriptBuildPhase section */
		A336F78F21E2A0B5009D2313 /* Swiftlint */ = {
			isa = PBXShellScriptBuildPhase;
			buildActionMask = 2147483647;
			files = (
			);
			inputFileListPaths = (
			);
			inputPaths = (
			);
			name = Swiftlint;
			outputFileListPaths = (
			);
			outputPaths = (
			);
			runOnlyForDeploymentPostprocessing = 0;
			shellPath = /bin/sh;
			shellScript = "if which swiftlint >/dev/null; then\nswiftlint\nelse\necho \"warning: SwiftLint not installed, download from https://github.com/realm/SwiftLint\"\nfi\n";
		};
/* End PBXShellScriptBuildPhase section */

/* Begin PBXSourcesBuildPhase section */
		OBJ_100 /* Sources */ = {
			isa = PBXSourcesBuildPhase;
			buildActionMask = 0;
			files = (
				OBJ_101 /* Package.swift in Sources */,
			);
			runOnlyForDeploymentPostprocessing = 0;
		};
		OBJ_111 /* Sources */ = {
			isa = PBXSourcesBuildPhase;
			buildActionMask = 0;
			files = (
				OBJ_112 /* ClassPropertyWriterTests.swift in Sources */,
				OBJ_113 /* ClassWriterTests.swift in Sources */,
				OBJ_114 /* EnumWriterTests.swift in Sources */,
				OBJ_115 /* ExtensionWriterTests.swift in Sources */,
				OBJ_116 /* FileWriterTests.swift in Sources */,
				OBJ_117 /* InitializerWriterTests.swift in Sources */,
				OBJ_118 /* MethodWriterTests.swift in Sources */,
				OBJ_119 /* ProtocolPropertyWriterTests.swift in Sources */,
				OBJ_120 /* ProtocolWriterTests.swift in Sources */,
				OBJ_121 /* XCTestManifests.swift in Sources */,
			);
			runOnlyForDeploymentPostprocessing = 0;
		};
		OBJ_58 /* Sources */ = {
			isa = PBXSourcesBuildPhase;
			buildActionMask = 0;
			files = (
				OBJ_59 /* CodeBuilder.swift in Sources */,
				OBJ_60 /* CodeWriter.swift in Sources */,
			);
			runOnlyForDeploymentPostprocessing = 0;
		};
		OBJ_66 /* Sources */ = {
			isa = PBXSourcesBuildPhase;
			buildActionMask = 0;
			files = (
				OBJ_67 /* Package.swift in Sources */,
			);
			runOnlyForDeploymentPostprocessing = 0;
		};
		OBJ_72 /* Sources */ = {
			isa = PBXSourcesBuildPhase;
			buildActionMask = 0;
			files = (
				OBJ_73 /* ClassDescription.swift in Sources */,
				OBJ_74 /* EnumDescription.swift in Sources */,
				OBJ_75 /* ExtensionDescription.swift in Sources */,
				OBJ_76 /* FileDescription.swift in Sources */,
				OBJ_77 /* InitializerDescription.swift in Sources */,
				OBJ_78 /* MethodDescription.swift in Sources */,
				OBJ_79 /* ModuleDependency.swift in Sources */,
				OBJ_80 /* PropertyDescription.swift in Sources */,
				OBJ_81 /* ProtocolDescription.swift in Sources */,
				OBJ_82 /* Visibility.swift in Sources */,
				OBJ_83 /* ClassPropertyWriter.swift in Sources */,
				OBJ_84 /* ClassWriter.swift in Sources */,
				OBJ_85 /* DocumentationWriter.swift in Sources */,
				OBJ_86 /* EnumWriter.swift in Sources */,
				OBJ_87 /* ExtensionWriter.swift in Sources */,
				OBJ_88 /* FileWriter.swift in Sources */,
				OBJ_89 /* InitializerWriter.swift in Sources */,
				OBJ_90 /* MethodWriter.swift in Sources */,
				OBJ_91 /* ProtocolPropertyWriter.swift in Sources */,
				OBJ_92 /* ProtocolWriter.swift in Sources */,
			);
			runOnlyForDeploymentPostprocessing = 0;
		};
/* End PBXSourcesBuildPhase section */

/* Begin PBXTargetDependency section */
		OBJ_106 /* PBXTargetDependency */ = {
			isa = PBXTargetDependency;
			target = "SwiftCodeWriter::SwiftCodeWriterTests" /* SwiftCodeWriterTests */;
			targetProxy = A336F78E21E2A09C009D2313 /* PBXContainerItemProxy */;
		};
		OBJ_125 /* PBXTargetDependency */ = {
			isa = PBXTargetDependency;
			target = "SwiftCodeWriter::SwiftCodeWriter" /* SwiftCodeWriter */;
			targetProxy = A336F78C21E2A09B009D2313 /* PBXContainerItemProxy */;
		};
		OBJ_126 /* PBXTargetDependency */ = {
			isa = PBXTargetDependency;
			target = "CodeWriter::CodeWriter" /* CodeWriter */;
			targetProxy = A336F78D21E2A09B009D2313 /* PBXContainerItemProxy */;
		};
		OBJ_95 /* PBXTargetDependency */ = {
			isa = PBXTargetDependency;
			target = "CodeWriter::CodeWriter" /* CodeWriter */;
			targetProxy = A336F78B21E2A09B009D2313 /* PBXContainerItemProxy */;
		};
/* End PBXTargetDependency section */

/* Begin XCBuildConfiguration section */
		OBJ_104 /* Debug */ = {
			isa = XCBuildConfiguration;
			buildSettings = {
			};
			name = Debug;
		};
		OBJ_105 /* Release */ = {
			isa = XCBuildConfiguration;
			buildSettings = {
			};
			name = Release;
		};
		OBJ_109 /* Debug */ = {
			isa = XCBuildConfiguration;
			buildSettings = {
				CLANG_ENABLE_MODULES = YES;
				EMBEDDED_CONTENT_CONTAINS_SWIFT = YES;
				FRAMEWORK_SEARCH_PATHS = (
					"$(inherited)",
					"$(PLATFORM_DIR)/Developer/Library/Frameworks",
				);
				HEADER_SEARCH_PATHS = "$(inherited)";
				INFOPLIST_FILE = SwiftCodeWriter.xcodeproj/SwiftCodeWriterTests_Info.plist;
				LD_RUNPATH_SEARCH_PATHS = "$(inherited) @loader_path/../Frameworks @loader_path/Frameworks";
				OTHER_CFLAGS = "$(inherited)";
				OTHER_LDFLAGS = "$(inherited)";
				OTHER_SWIFT_FLAGS = "$(inherited)";
				SWIFT_ACTIVE_COMPILATION_CONDITIONS = "$(inherited)";
				SWIFT_VERSION = 4.2;
				TARGET_NAME = SwiftCodeWriterTests;
			};
			name = Debug;
		};
		OBJ_110 /* Release */ = {
			isa = XCBuildConfiguration;
			buildSettings = {
				CLANG_ENABLE_MODULES = YES;
				EMBEDDED_CONTENT_CONTAINS_SWIFT = YES;
				FRAMEWORK_SEARCH_PATHS = (
					"$(inherited)",
					"$(PLATFORM_DIR)/Developer/Library/Frameworks",
				);
				HEADER_SEARCH_PATHS = "$(inherited)";
				INFOPLIST_FILE = SwiftCodeWriter.xcodeproj/SwiftCodeWriterTests_Info.plist;
				LD_RUNPATH_SEARCH_PATHS = "$(inherited) @loader_path/../Frameworks @loader_path/Frameworks";
				OTHER_CFLAGS = "$(inherited)";
				OTHER_LDFLAGS = "$(inherited)";
				OTHER_SWIFT_FLAGS = "$(inherited)";
				SWIFT_ACTIVE_COMPILATION_CONDITIONS = "$(inherited)";
				SWIFT_VERSION = 4.2;
				TARGET_NAME = SwiftCodeWriterTests;
			};
			name = Release;
		};
		OBJ_3 /* Debug */ = {
			isa = XCBuildConfiguration;
			buildSettings = {
				CLANG_ENABLE_OBJC_ARC = YES;
				COMBINE_HIDPI_IMAGES = YES;
				COPY_PHASE_STRIP = NO;
				DEBUG_INFORMATION_FORMAT = dwarf;
				DYLIB_INSTALL_NAME_BASE = "@rpath";
				ENABLE_NS_ASSERTIONS = YES;
				GCC_OPTIMIZATION_LEVEL = 0;
				GCC_PREPROCESSOR_DEFINITIONS = (
					"DEBUG=1",
					"$(inherited)",
				);
				MACOSX_DEPLOYMENT_TARGET = 10.10;
				ONLY_ACTIVE_ARCH = YES;
				OTHER_SWIFT_FLAGS = "-DXcode";
				PRODUCT_NAME = "$(TARGET_NAME)";
				SDKROOT = macosx;
				SUPPORTED_PLATFORMS = "macosx iphoneos iphonesimulator appletvos appletvsimulator watchos watchsimulator";
				SWIFT_ACTIVE_COMPILATION_CONDITIONS = "SWIFT_PACKAGE DEBUG";
				SWIFT_OPTIMIZATION_LEVEL = "-Onone";
				USE_HEADERMAP = NO;
			};
			name = Debug;
		};
		OBJ_4 /* Release */ = {
			isa = XCBuildConfiguration;
			buildSettings = {
				CLANG_ENABLE_OBJC_ARC = YES;
				COMBINE_HIDPI_IMAGES = YES;
				COPY_PHASE_STRIP = YES;
				DEBUG_INFORMATION_FORMAT = "dwarf-with-dsym";
				DYLIB_INSTALL_NAME_BASE = "@rpath";
				GCC_OPTIMIZATION_LEVEL = s;
				MACOSX_DEPLOYMENT_TARGET = 10.10;
				OTHER_SWIFT_FLAGS = "-DXcode";
				PRODUCT_NAME = "$(TARGET_NAME)";
				SDKROOT = macosx;
				SUPPORTED_PLATFORMS = "macosx iphoneos iphonesimulator appletvos appletvsimulator watchos watchsimulator";
				SWIFT_ACTIVE_COMPILATION_CONDITIONS = SWIFT_PACKAGE;
				SWIFT_OPTIMIZATION_LEVEL = "-Owholemodule";
				USE_HEADERMAP = NO;
			};
			name = Release;
		};
		OBJ_56 /* Debug */ = {
			isa = XCBuildConfiguration;
			buildSettings = {
				ENABLE_TESTABILITY = YES;
				FRAMEWORK_SEARCH_PATHS = (
					"$(inherited)",
					"$(PLATFORM_DIR)/Developer/Library/Frameworks",
				);
				HEADER_SEARCH_PATHS = "$(inherited)";
				INFOPLIST_FILE = SwiftCodeWriter.xcodeproj/CodeWriter_Info.plist;
				LD_RUNPATH_SEARCH_PATHS = "$(inherited) $(TOOLCHAIN_DIR)/usr/lib/swift/macosx";
				OTHER_CFLAGS = "$(inherited)";
				OTHER_LDFLAGS = "$(inherited)";
				OTHER_SWIFT_FLAGS = "$(inherited)";
				PRODUCT_BUNDLE_IDENTIFIER = CodeWriter;
				PRODUCT_MODULE_NAME = "$(TARGET_NAME:c99extidentifier)";
				PRODUCT_NAME = "$(TARGET_NAME:c99extidentifier)";
				SKIP_INSTALL = YES;
				SWIFT_ACTIVE_COMPILATION_CONDITIONS = "$(inherited)";
				SWIFT_VERSION = 4.2;
				TARGET_NAME = CodeWriter;
			};
			name = Debug;
		};
		OBJ_57 /* Release */ = {
			isa = XCBuildConfiguration;
			buildSettings = {
				ENABLE_TESTABILITY = YES;
				FRAMEWORK_SEARCH_PATHS = (
					"$(inherited)",
					"$(PLATFORM_DIR)/Developer/Library/Frameworks",
				);
				HEADER_SEARCH_PATHS = "$(inherited)";
				INFOPLIST_FILE = SwiftCodeWriter.xcodeproj/CodeWriter_Info.plist;
				LD_RUNPATH_SEARCH_PATHS = "$(inherited) $(TOOLCHAIN_DIR)/usr/lib/swift/macosx";
				OTHER_CFLAGS = "$(inherited)";
				OTHER_LDFLAGS = "$(inherited)";
				OTHER_SWIFT_FLAGS = "$(inherited)";
				PRODUCT_BUNDLE_IDENTIFIER = CodeWriter;
				PRODUCT_MODULE_NAME = "$(TARGET_NAME:c99extidentifier)";
				PRODUCT_NAME = "$(TARGET_NAME:c99extidentifier)";
				SKIP_INSTALL = YES;
				SWIFT_ACTIVE_COMPILATION_CONDITIONS = "$(inherited)";
				SWIFT_VERSION = 4.2;
				TARGET_NAME = CodeWriter;
			};
			name = Release;
		};
		OBJ_64 /* Debug */ = {
			isa = XCBuildConfiguration;
			buildSettings = {
				LD = /usr/bin/true;
				OTHER_SWIFT_FLAGS = "-swift-version 4.2 -I $(TOOLCHAIN_DIR)/usr/lib/swift/pm/4_2 -target x86_64-apple-macosx10.10 -sdk /Applications/Xcode.app/Contents/Developer/Platforms/MacOSX.platform/Developer/SDKs/MacOSX10.14.sdk";
				SWIFT_VERSION = 4.2;
			};
			name = Debug;
		};
		OBJ_65 /* Release */ = {
			isa = XCBuildConfiguration;
			buildSettings = {
				LD = /usr/bin/true;
				OTHER_SWIFT_FLAGS = "-swift-version 4.2 -I $(TOOLCHAIN_DIR)/usr/lib/swift/pm/4_2 -target x86_64-apple-macosx10.10 -sdk /Applications/Xcode.app/Contents/Developer/Platforms/MacOSX.platform/Developer/SDKs/MacOSX10.14.sdk";
				SWIFT_VERSION = 4.2;
			};
			name = Release;
		};
		OBJ_70 /* Debug */ = {
			isa = XCBuildConfiguration;
			buildSettings = {
				ENABLE_TESTABILITY = YES;
				FRAMEWORK_SEARCH_PATHS = (
					"$(inherited)",
					"$(PLATFORM_DIR)/Developer/Library/Frameworks",
				);
				HEADER_SEARCH_PATHS = "$(inherited)";
				INFOPLIST_FILE = SwiftCodeWriter.xcodeproj/SwiftCodeWriter_Info.plist;
				LD_RUNPATH_SEARCH_PATHS = "$(inherited) $(TOOLCHAIN_DIR)/usr/lib/swift/macosx";
				OTHER_CFLAGS = "$(inherited)";
				OTHER_LDFLAGS = "$(inherited)";
				OTHER_SWIFT_FLAGS = "$(inherited)";
				PRODUCT_BUNDLE_IDENTIFIER = SwiftCodeWriter;
				PRODUCT_MODULE_NAME = "$(TARGET_NAME:c99extidentifier)";
				PRODUCT_NAME = "$(TARGET_NAME:c99extidentifier)";
				SKIP_INSTALL = YES;
				SWIFT_ACTIVE_COMPILATION_CONDITIONS = "$(inherited)";
				SWIFT_VERSION = 4.2;
				TARGET_NAME = SwiftCodeWriter;
			};
			name = Debug;
		};
		OBJ_71 /* Release */ = {
			isa = XCBuildConfiguration;
			buildSettings = {
				ENABLE_TESTABILITY = YES;
				FRAMEWORK_SEARCH_PATHS = (
					"$(inherited)",
					"$(PLATFORM_DIR)/Developer/Library/Frameworks",
				);
				HEADER_SEARCH_PATHS = "$(inherited)";
				INFOPLIST_FILE = SwiftCodeWriter.xcodeproj/SwiftCodeWriter_Info.plist;
				LD_RUNPATH_SEARCH_PATHS = "$(inherited) $(TOOLCHAIN_DIR)/usr/lib/swift/macosx";
				OTHER_CFLAGS = "$(inherited)";
				OTHER_LDFLAGS = "$(inherited)";
				OTHER_SWIFT_FLAGS = "$(inherited)";
				PRODUCT_BUNDLE_IDENTIFIER = SwiftCodeWriter;
				PRODUCT_MODULE_NAME = "$(TARGET_NAME:c99extidentifier)";
				PRODUCT_NAME = "$(TARGET_NAME:c99extidentifier)";
				SKIP_INSTALL = YES;
				SWIFT_ACTIVE_COMPILATION_CONDITIONS = "$(inherited)";
				SWIFT_VERSION = 4.2;
				TARGET_NAME = SwiftCodeWriter;
			};
			name = Release;
		};
		OBJ_98 /* Debug */ = {
			isa = XCBuildConfiguration;
			buildSettings = {
				LD = /usr/bin/true;
				OTHER_SWIFT_FLAGS = "-swift-version 4.2 -I $(TOOLCHAIN_DIR)/usr/lib/swift/pm/4_2 -target x86_64-apple-macosx10.10 -sdk /Applications/Xcode.app/Contents/Developer/Platforms/MacOSX.platform/Developer/SDKs/MacOSX10.14.sdk";
				SWIFT_VERSION = 4.2;
			};
			name = Debug;
		};
		OBJ_99 /* Release */ = {
			isa = XCBuildConfiguration;
			buildSettings = {
				LD = /usr/bin/true;
				OTHER_SWIFT_FLAGS = "-swift-version 4.2 -I $(TOOLCHAIN_DIR)/usr/lib/swift/pm/4_2 -target x86_64-apple-macosx10.10 -sdk /Applications/Xcode.app/Contents/Developer/Platforms/MacOSX.platform/Developer/SDKs/MacOSX10.14.sdk";
				SWIFT_VERSION = 4.2;
			};
			name = Release;
		};
/* End XCBuildConfiguration section */

/* Begin XCConfigurationList section */
		OBJ_103 /* Build configuration list for PBXAggregateTarget "SwiftCodeWriterPackageTests" */ = {
			isa = XCConfigurationList;
			buildConfigurations = (
				OBJ_104 /* Debug */,
				OBJ_105 /* Release */,
			);
			defaultConfigurationIsVisible = 0;
			defaultConfigurationName = Release;
		};
		OBJ_108 /* Build configuration list for PBXNativeTarget "SwiftCodeWriterTests" */ = {
			isa = XCConfigurationList;
			buildConfigurations = (
				OBJ_109 /* Debug */,
				OBJ_110 /* Release */,
			);
			defaultConfigurationIsVisible = 0;
			defaultConfigurationName = Release;
		};
		OBJ_2 /* Build configuration list for PBXProject "SwiftCodeWriter" */ = {
			isa = XCConfigurationList;
			buildConfigurations = (
				OBJ_3 /* Debug */,
				OBJ_4 /* Release */,
			);
			defaultConfigurationIsVisible = 0;
			defaultConfigurationName = Release;
		};
		OBJ_55 /* Build configuration list for PBXNativeTarget "CodeWriter" */ = {
			isa = XCConfigurationList;
			buildConfigurations = (
				OBJ_56 /* Debug */,
				OBJ_57 /* Release */,
			);
			defaultConfigurationIsVisible = 0;
			defaultConfigurationName = Release;
		};
		OBJ_63 /* Build configuration list for PBXNativeTarget "CodeWriterPackageDescription" */ = {
			isa = XCConfigurationList;
			buildConfigurations = (
				OBJ_64 /* Debug */,
				OBJ_65 /* Release */,
			);
			defaultConfigurationIsVisible = 0;
			defaultConfigurationName = Release;
		};
		OBJ_69 /* Build configuration list for PBXNativeTarget "SwiftCodeWriter" */ = {
			isa = XCConfigurationList;
			buildConfigurations = (
				OBJ_70 /* Debug */,
				OBJ_71 /* Release */,
			);
			defaultConfigurationIsVisible = 0;
			defaultConfigurationName = Release;
		};
		OBJ_97 /* Build configuration list for PBXNativeTarget "SwiftCodeWriterPackageDescription" */ = {
			isa = XCConfigurationList;
			buildConfigurations = (
				OBJ_98 /* Debug */,
				OBJ_99 /* Release */,
			);
			defaultConfigurationIsVisible = 0;
			defaultConfigurationName = Release;
		};
/* End XCConfigurationList section */
	};
	rootObject = OBJ_1 /* Project object */;
}
